// !$*UTF8*$!
{
	archiveVersion = 1;
	classes = {
	};
	objectVersion = 56;
	objects = {

/* Begin PBXBuildFile section */
		E3260CC52964D1DD00AB4280 /* ProjectSwiftUIApp.swift in Sources */ = {isa = PBXBuildFile; fileRef = E3260CC42964D1DD00AB4280 /* ProjectSwiftUIApp.swift */; };
		E3260CC72964D1DD00AB4280 /* PostListingView.swift in Sources */ = {isa = PBXBuildFile; fileRef = E3260CC62964D1DD00AB4280 /* PostListingView.swift */; };
		E3260CC92964D1DE00AB4280 /* Assets.xcassets in Resources */ = {isa = PBXBuildFile; fileRef = E3260CC82964D1DE00AB4280 /* Assets.xcassets */; };
		E3260CCC2964D1DE00AB4280 /* Preview Assets.xcassets in Resources */ = {isa = PBXBuildFile; fileRef = E3260CCB2964D1DE00AB4280 /* Preview Assets.xcassets */; };
		E3260CD52964D22800AB4280 /* PostListingViewModel.swift in Sources */ = {isa = PBXBuildFile; fileRef = E3260CD42964D22800AB4280 /* PostListingViewModel.swift */; };
		E3260CD82964D29700AB4280 /* GetPostsOutput.swift in Sources */ = {isa = PBXBuildFile; fileRef = E3260CD72964D29700AB4280 /* GetPostsOutput.swift */; };
		E3260CDB2964D2F500AB4280 /* PostRepository.swift in Sources */ = {isa = PBXBuildFile; fileRef = E3260CDA2964D2F500AB4280 /* PostRepository.swift */; };
		E3260CDE2964D3DF00AB4280 /* PostApiService.swift in Sources */ = {isa = PBXBuildFile; fileRef = E3260CDD2964D3DF00AB4280 /* PostApiService.swift */; };
		E3260CF12964DC6900AB4280 /* APIService.swift in Sources */ = {isa = PBXBuildFile; fileRef = E3260CEE2964DC6900AB4280 /* APIService.swift */; };
		E3260CF22964DC6900AB4280 /* Routable.swift in Sources */ = {isa = PBXBuildFile; fileRef = E3260CEF2964DC6900AB4280 /* Routable.swift */; };
		E3260CF32964DC6900AB4280 /* APIRouter.swift in Sources */ = {isa = PBXBuildFile; fileRef = E3260CF02964DC6900AB4280 /* APIRouter.swift */; };
/* End PBXBuildFile section */

/* Begin PBXFileReference section */
		E3260CC12964D1DD00AB4280 /* ProjectSwiftUI.app */ = {isa = PBXFileReference; explicitFileType = wrapper.application; includeInIndex = 0; path = ProjectSwiftUI.app; sourceTree = BUILT_PRODUCTS_DIR; };
		E3260CC42964D1DD00AB4280 /* ProjectSwiftUIApp.swift */ = {isa = PBXFileReference; lastKnownFileType = sourcecode.swift; path = ProjectSwiftUIApp.swift; sourceTree = "<group>"; };
		E3260CC62964D1DD00AB4280 /* PostListingView.swift */ = {isa = PBXFileReference; lastKnownFileType = sourcecode.swift; path = PostListingView.swift; sourceTree = "<group>"; };
		E3260CC82964D1DE00AB4280 /* Assets.xcassets */ = {isa = PBXFileReference; lastKnownFileType = folder.assetcatalog; path = Assets.xcassets; sourceTree = "<group>"; };
		E3260CCB2964D1DE00AB4280 /* Preview Assets.xcassets */ = {isa = PBXFileReference; lastKnownFileType = folder.assetcatalog; path = "Preview Assets.xcassets"; sourceTree = "<group>"; };
		E3260CD42964D22800AB4280 /* PostListingViewModel.swift */ = {isa = PBXFileReference; lastKnownFileType = sourcecode.swift; path = PostListingViewModel.swift; sourceTree = "<group>"; };
		E3260CD72964D29700AB4280 /* GetPostsOutput.swift */ = {isa = PBXFileReference; lastKnownFileType = sourcecode.swift; path = GetPostsOutput.swift; sourceTree = "<group>"; };
		E3260CDA2964D2F500AB4280 /* PostRepository.swift */ = {isa = PBXFileReference; lastKnownFileType = sourcecode.swift; path = PostRepository.swift; sourceTree = "<group>"; };
		E3260CDD2964D3DF00AB4280 /* PostApiService.swift */ = {isa = PBXFileReference; lastKnownFileType = sourcecode.swift; path = PostApiService.swift; sourceTree = "<group>"; };
		E3260CEE2964DC6900AB4280 /* APIService.swift */ = {isa = PBXFileReference; fileEncoding = 4; lastKnownFileType = sourcecode.swift; path = APIService.swift; sourceTree = "<group>"; };
		E3260CEF2964DC6900AB4280 /* Routable.swift */ = {isa = PBXFileReference; fileEncoding = 4; lastKnownFileType = sourcecode.swift; path = Routable.swift; sourceTree = "<group>"; };
		E3260CF02964DC6900AB4280 /* APIRouter.swift */ = {isa = PBXFileReference; fileEncoding = 4; lastKnownFileType = sourcecode.swift; path = APIRouter.swift; sourceTree = "<group>"; };
/* End PBXFileReference section */

/* Begin PBXFrameworksBuildPhase section */
		E3260CBE2964D1DD00AB4280 /* Frameworks */ = {
			isa = PBXFrameworksBuildPhase;
			buildActionMask = 2147483647;
			files = (
			);
			runOnlyForDeploymentPostprocessing = 0;
		};
/* End PBXFrameworksBuildPhase section */

/* Begin PBXGroup section */
		E3260CB82964D1DD00AB4280 = {
			isa = PBXGroup;
			children = (
				E3260CC32964D1DD00AB4280 /* ProjectSwiftUI */,
				E3260CC22964D1DD00AB4280 /* Products */,
			);
			sourceTree = "<group>";
		};
		E3260CC22964D1DD00AB4280 /* Products */ = {
			isa = PBXGroup;
			children = (
				E3260CC12964D1DD00AB4280 /* ProjectSwiftUI.app */,
			);
			name = Products;
			sourceTree = "<group>";
		};
		E3260CC32964D1DD00AB4280 /* ProjectSwiftUI */ = {
			isa = PBXGroup;
			children = (
				E3260CED2964DC6900AB4280 /* Network */,
				E3260CDC2964D3C100AB4280 /* Services */,
				E3260CD92964D2BF00AB4280 /* Repositories */,
				E3260CD62964D25E00AB4280 /* Model */,
				E3260CD32964D1FD00AB4280 /* ViewModel */,
				E3260CD22964D1F000AB4280 /* View */,
				E3260CC42964D1DD00AB4280 /* ProjectSwiftUIApp.swift */,
				E3260CC82964D1DE00AB4280 /* Assets.xcassets */,
				E3260CCA2964D1DE00AB4280 /* Preview Content */,
			);
			path = ProjectSwiftUI;
			sourceTree = "<group>";
		};
		E3260CCA2964D1DE00AB4280 /* Preview Content */ = {
			isa = PBXGroup;
			children = (
				E3260CCB2964D1DE00AB4280 /* Preview Assets.xcassets */,
			);
			path = "Preview Content";
			sourceTree = "<group>";
		};
		E3260CD22964D1F000AB4280 /* View */ = {
			isa = PBXGroup;
			children = (
				E3260CC62964D1DD00AB4280 /* PostListingView.swift */,
			);
			path = View;
			sourceTree = "<group>";
		};
		E3260CD32964D1FD00AB4280 /* ViewModel */ = {
			isa = PBXGroup;
			children = (
				E3260CD42964D22800AB4280 /* PostListingViewModel.swift */,
			);
			path = ViewModel;
			sourceTree = "<group>";
		};
		E3260CD62964D25E00AB4280 /* Model */ = {
			isa = PBXGroup;
			children = (
				E3260CD72964D29700AB4280 /* GetPostsOutput.swift */,
			);
			path = Model;
			sourceTree = "<group>";
		};
		E3260CD92964D2BF00AB4280 /* Repositories */ = {
			isa = PBXGroup;
			children = (
				E3260CDA2964D2F500AB4280 /* PostRepository.swift */,
			);
			path = Repositories;
			sourceTree = "<group>";
		};
		E3260CDC2964D3C100AB4280 /* Services */ = {
			isa = PBXGroup;
			children = (
				E3260CDD2964D3DF00AB4280 /* PostApiService.swift */,
			);
			path = Services;
			sourceTree = "<group>";
		};
		E3260CED2964DC6900AB4280 /* Network */ = {
			isa = PBXGroup;
			children = (
				E3260CEE2964DC6900AB4280 /* APIService.swift */,
				E3260CEF2964DC6900AB4280 /* Routable.swift */,
				E3260CF02964DC6900AB4280 /* APIRouter.swift */,
			);
			path = Network;
			sourceTree = "<group>";
		};
/* End PBXGroup section */

/* Begin PBXNativeTarget section */
		E3260CC02964D1DD00AB4280 /* ProjectSwiftUI */ = {
			isa = PBXNativeTarget;
			buildConfigurationList = E3260CCF2964D1DE00AB4280 /* Build configuration list for PBXNativeTarget "ProjectSwiftUI" */;
			buildPhases = (
				E3260CBD2964D1DD00AB4280 /* Sources */,
				E3260CBE2964D1DD00AB4280 /* Frameworks */,
				E3260CBF2964D1DD00AB4280 /* Resources */,
			);
			buildRules = (
			);
			dependencies = (
			);
			name = ProjectSwiftUI;
			productName = ProjectSwiftUI;
			productReference = E3260CC12964D1DD00AB4280 /* ProjectSwiftUI.app */;
			productType = "com.apple.product-type.application";
		};
/* End PBXNativeTarget section */

/* Begin PBXProject section */
		E3260CB92964D1DD00AB4280 /* Project object */ = {
			isa = PBXProject;
			attributes = {
				BuildIndependentTargetsInParallel = 1;
				LastSwiftUpdateCheck = 1410;
				LastUpgradeCheck = 1410;
				TargetAttributes = {
					E3260CC02964D1DD00AB4280 = {
						CreatedOnToolsVersion = 14.1;
					};
				};
			};
			buildConfigurationList = E3260CBC2964D1DD00AB4280 /* Build configuration list for PBXProject "ProjectSwiftUI" */;
			compatibilityVersion = "Xcode 14.0";
			developmentRegion = en;
			hasScannedForEncodings = 0;
			knownRegions = (
				en,
				Base,
			);
			mainGroup = E3260CB82964D1DD00AB4280;
			productRefGroup = E3260CC22964D1DD00AB4280 /* Products */;
			projectDirPath = "";
			projectRoot = "";
			targets = (
				E3260CC02964D1DD00AB4280 /* ProjectSwiftUI */,
			);
		};
/* End PBXProject section */

/* Begin PBXResourcesBuildPhase section */
		E3260CBF2964D1DD00AB4280 /* Resources */ = {
			isa = PBXResourcesBuildPhase;
			buildActionMask = 2147483647;
			files = (
				E3260CCC2964D1DE00AB4280 /* Preview Assets.xcassets in Resources */,
				E3260CC92964D1DE00AB4280 /* Assets.xcassets in Resources */,
			);
			runOnlyForDeploymentPostprocessing = 0;
		};
/* End PBXResourcesBuildPhase section */

/* Begin PBXSourcesBuildPhase section */
		E3260CBD2964D1DD00AB4280 /* Sources */ = {
			isa = PBXSourcesBuildPhase;
			buildActionMask = 2147483647;
			files = (
				E3260CD52964D22800AB4280 /* PostListingViewModel.swift in Sources */,
				E3260CF32964DC6900AB4280 /* APIRouter.swift in Sources */,
				E3260CF12964DC6900AB4280 /* APIService.swift in Sources */,
				E3260CDB2964D2F500AB4280 /* PostRepository.swift in Sources */,
				E3260CDE2964D3DF00AB4280 /* PostApiService.swift in Sources */,
				E3260CD82964D29700AB4280 /* GetPostsOutput.swift in Sources */,
				E3260CC72964D1DD00AB4280 /* PostListingView.swift in Sources */,
				E3260CC52964D1DD00AB4280 /* ProjectSwiftUIApp.swift in Sources */,
				E3260CF22964DC6900AB4280 /* Routable.swift in Sources */,
			);
			runOnlyForDeploymentPostprocessing = 0;
		};
/* End PBXSourcesBuildPhase section */

/* Begin XCBuildConfiguration section */
		E3260CCD2964D1DE00AB4280 /* Debug */ = {
			isa = XCBuildConfiguration;
			buildSettings = {
				ALWAYS_SEARCH_USER_PATHS = NO;
				CLANG_ANALYZER_NONNULL = YES;
				CLANG_ANALYZER_NUMBER_OBJECT_CONVERSION = YES_AGGRESSIVE;
				CLANG_CXX_LANGUAGE_STANDARD = "gnu++20";
				CLANG_ENABLE_MODULES = YES;
				CLANG_ENABLE_OBJC_ARC = YES;
				CLANG_ENABLE_OBJC_WEAK = YES;
				CLANG_WARN_BLOCK_CAPTURE_AUTORELEASING = YES;
				CLANG_WARN_BOOL_CONVERSION = YES;
				CLANG_WARN_COMMA = YES;
				CLANG_WARN_CONSTANT_CONVERSION = YES;
				CLANG_WARN_DEPRECATED_OBJC_IMPLEMENTATIONS = YES;
				CLANG_WARN_DIRECT_OBJC_ISA_USAGE = YES_ERROR;
				CLANG_WARN_DOCUMENTATION_COMMENTS = YES;
				CLANG_WARN_EMPTY_BODY = YES;
				CLANG_WARN_ENUM_CONVERSION = YES;
				CLANG_WARN_INFINITE_RECURSION = YES;
				CLANG_WARN_INT_CONVERSION = YES;
				CLANG_WARN_NON_LITERAL_NULL_CONVERSION = YES;
				CLANG_WARN_OBJC_IMPLICIT_RETAIN_SELF = YES;
				CLANG_WARN_OBJC_LITERAL_CONVERSION = YES;
				CLANG_WARN_OBJC_ROOT_CLASS = YES_ERROR;
				CLANG_WARN_QUOTED_INCLUDE_IN_FRAMEWORK_HEADER = YES;
				CLANG_WARN_RANGE_LOOP_ANALYSIS = YES;
				CLANG_WARN_STRICT_PROTOTYPES = YES;
				CLANG_WARN_SUSPICIOUS_MOVE = YES;
				CLANG_WARN_UNGUARDED_AVAILABILITY = YES_AGGRESSIVE;
				CLANG_WARN_UNREACHABLE_CODE = YES;
				CLANG_WARN__DUPLICATE_METHOD_MATCH = YES;
				COPY_PHASE_STRIP = NO;
				DEBUG_INFORMATION_FORMAT = dwarf;
				ENABLE_STRICT_OBJC_MSGSEND = YES;
				ENABLE_TESTABILITY = YES;
				GCC_C_LANGUAGE_STANDARD = gnu11;
				GCC_DYNAMIC_NO_PIC = NO;
				GCC_NO_COMMON_BLOCKS = YES;
				GCC_OPTIMIZATION_LEVEL = 0;
				GCC_PREPROCESSOR_DEFINITIONS = (
					"DEBUG=1",
					"$(inherited)",
				);
				GCC_WARN_64_TO_32_BIT_CONVERSION = YES;
				GCC_WARN_ABOUT_RETURN_TYPE = YES_ERROR;
				GCC_WARN_UNDECLARED_SELECTOR = YES;
				GCC_WARN_UNINITIALIZED_AUTOS = YES_AGGRESSIVE;
				GCC_WARN_UNUSED_FUNCTION = YES;
				GCC_WARN_UNUSED_VARIABLE = YES;
				IPHONEOS_DEPLOYMENT_TARGET = 16.1;
				MTL_ENABLE_DEBUG_INFO = INCLUDE_SOURCE;
				MTL_FAST_MATH = YES;
				ONLY_ACTIVE_ARCH = YES;
				SDKROOT = iphoneos;
				SWIFT_ACTIVE_COMPILATION_CONDITIONS = DEBUG;
				SWIFT_OPTIMIZATION_LEVEL = "-Onone";
			};
			name = Debug;
		};
		E3260CCE2964D1DE00AB4280 /* Release */ = {
			isa = XCBuildConfiguration;
			buildSettings = {
				ALWAYS_SEARCH_USER_PATHS = NO;
				CLANG_ANALYZER_NONNULL = YES;
				CLANG_ANALYZER_NUMBER_OBJECT_CONVERSION = YES_AGGRESSIVE;
				CLANG_CXX_LANGUAGE_STANDARD = "gnu++20";
				CLANG_ENABLE_MODULES = YES;
				CLANG_ENABLE_OBJC_ARC = YES;
				CLANG_ENABLE_OBJC_WEAK = YES;
				CLANG_WARN_BLOCK_CAPTURE_AUTORELEASING = YES;
				CLANG_WARN_BOOL_CONVERSION = YES;
				CLANG_WARN_COMMA = YES;
				CLANG_WARN_CONSTANT_CONVERSION = YES;
				CLANG_WARN_DEPRECATED_OBJC_IMPLEMENTATIONS = YES;
				CLANG_WARN_DIRECT_OBJC_ISA_USAGE = YES_ERROR;
				CLANG_WARN_DOCUMENTATION_COMMENTS = YES;
				CLANG_WARN_EMPTY_BODY = YES;
				CLANG_WARN_ENUM_CONVERSION = YES;
				CLANG_WARN_INFINITE_RECURSION = YES;
				CLANG_WARN_INT_CONVERSION = YES;
				CLANG_WARN_NON_LITERAL_NULL_CONVERSION = YES;
				CLANG_WARN_OBJC_IMPLICIT_RETAIN_SELF = YES;
				CLANG_WARN_OBJC_LITERAL_CONVERSION = YES;
				CLANG_WARN_OBJC_ROOT_CLASS = YES_ERROR;
				CLANG_WARN_QUOTED_INCLUDE_IN_FRAMEWORK_HEADER = YES;
				CLANG_WARN_RANGE_LOOP_ANALYSIS = YES;
				CLANG_WARN_STRICT_PROTOTYPES = YES;
				CLANG_WARN_SUSPICIOUS_MOVE = YES;
				CLANG_WARN_UNGUARDED_AVAILABILITY = YES_AGGRESSIVE;
				CLANG_WARN_UNREACHABLE_CODE = YES;
				CLANG_WARN__DUPLICATE_METHOD_MATCH = YES;
				COPY_PHASE_STRIP = NO;
				DEBUG_INFORMATION_FORMAT = "dwarf-with-dsym";
				ENABLE_NS_ASSERTIONS = NO;
				ENABLE_STRICT_OBJC_MSGSEND = YES;
				GCC_C_LANGUAGE_STANDARD = gnu11;
				GCC_NO_COMMON_BLOCKS = YES;
				GCC_WARN_64_TO_32_BIT_CONVERSION = YES;
				GCC_WARN_ABOUT_RETURN_TYPE = YES_ERROR;
				GCC_WARN_UNDECLARED_SELECTOR = YES;
				GCC_WARN_UNINITIALIZED_AUTOS = YES_AGGRESSIVE;
				GCC_WARN_UNUSED_FUNCTION = YES;
				GCC_WARN_UNUSED_VARIABLE = YES;
				IPHONEOS_DEPLOYMENT_TARGET = 16.1;
				MTL_ENABLE_DEBUG_INFO = NO;
				MTL_FAST_MATH = YES;
				SDKROOT = iphoneos;
				SWIFT_COMPILATION_MODE = wholemodule;
				SWIFT_OPTIMIZATION_LEVEL = "-O";
				VALIDATE_PRODUCT = YES;
			};
			name = Release;
		};
		E3260CD02964D1DE00AB4280 /* Debug */ = {
			isa = XCBuildConfiguration;
			buildSettings = {
				ASSETCATALOG_COMPILER_APPICON_NAME = AppIcon;
				ASSETCATALOG_COMPILER_GLOBAL_ACCENT_COLOR_NAME = AccentColor;
				CODE_SIGN_STYLE = Automatic;
				CURRENT_PROJECT_VERSION = 1;
				DEVELOPMENT_ASSET_PATHS = "\"ProjectSwiftUI/Preview Content\"";
				DEVELOPMENT_TEAM = B47XLX4F6C;
				ENABLE_PREVIEWS = YES;
				GENERATE_INFOPLIST_FILE = YES;
				INFOPLIST_KEY_UIApplicationSceneManifest_Generation = YES;
				INFOPLIST_KEY_UIApplicationSupportsIndirectInputEvents = YES;
				INFOPLIST_KEY_UILaunchScreen_Generation = YES;
				INFOPLIST_KEY_UISupportedInterfaceOrientations_iPad = "UIInterfaceOrientationPortrait UIInterfaceOrientationPortraitUpsideDown UIInterfaceOrientationLandscapeLeft UIInterfaceOrientationLandscapeRight";
				INFOPLIST_KEY_UISupportedInterfaceOrientations_iPhone = "UIInterfaceOrientationPortrait UIInterfaceOrientationLandscapeLeft UIInterfaceOrientationLandscapeRight";
				LD_RUNPATH_SEARCH_PATHS = (
					"$(inherited)",
					"@executable_path/Frameworks",
				);
				MARKETING_VERSION = 1.0;
				PRODUCT_BUNDLE_IDENTIFIER = com.atul.ProjectSwiftUI;
				PRODUCT_NAME = "$(TARGET_NAME)";
				SWIFT_EMIT_LOC_STRINGS = YES;
				SWIFT_VERSION = 5.0;
				TARGETED_DEVICE_FAMILY = "1,2";
			};
			name = Debug;
		};
		E3260CD12964D1DE00AB4280 /* Release */ = {
			isa = XCBuildConfiguration;
			buildSettings = {
				ASSETCATALOG_COMPILER_APPICON_NAME = AppIcon;
				ASSETCATALOG_COMPILER_GLOBAL_ACCENT_COLOR_NAME = AccentColor;
				CODE_SIGN_STYLE = Automatic;
				CURRENT_PROJECT_VERSION = 1;
				DEVELOPMENT_ASSET_PATHS = "\"ProjectSwiftUI/Preview Content\"";
				DEVELOPMENT_TEAM = B47XLX4F6C;
				ENABLE_PREVIEWS = YES;
				GENERATE_INFOPLIST_FILE = YES;
				INFOPLIST_KEY_UIApplicationSceneManifest_Generation = YES;
				INFOPLIST_KEY_UIApplicationSupportsIndirectInputEvents = YES;
				INFOPLIST_KEY_UILaunchScreen_Generation = YES;
				INFOPLIST_KEY_UISupportedInterfaceOrientations_iPad = "UIInterfaceOrientationPortrait UIInterfaceOrientationPortraitUpsideDown UIInterfaceOrientationLandscapeLeft UIInterfaceOrientationLandscapeRight";
				INFOPLIST_KEY_UISupportedInterfaceOrientations_iPhone = "UIInterfaceOrientationPortrait UIInterfaceOrientationLandscapeLeft UIInterfaceOrientationLandscapeRight";
				LD_RUNPATH_SEARCH_PATHS = (
					"$(inherited)",
					"@executable_path/Frameworks",
				);
				MARKETING_VERSION = 1.0;
				PRODUCT_BUNDLE_IDENTIFIER = com.atul.ProjectSwiftUI;
				PRODUCT_NAME = "$(TARGET_NAME)";
				SWIFT_EMIT_LOC_STRINGS = YES;
				SWIFT_VERSION = 5.0;
				TARGETED_DEVICE_FAMILY = "1,2";
			};
			name = Release;
		};
/* End XCBuildConfiguration section */

/* Begin XCConfigurationList section */
		E3260CBC2964D1DD00AB4280 /* Build configuration list for PBXProject "ProjectSwiftUI" */ = {
			isa = XCConfigurationList;
			buildConfigurations = (
				E3260CCD2964D1DE00AB4280 /* Debug */,
				E3260CCE2964D1DE00AB4280 /* Release */,
			);
			defaultConfigurationIsVisible = 0;
			defaultConfigurationName = Release;
		};
		E3260CCF2964D1DE00AB4280 /* Build configuration list for PBXNativeTarget "ProjectSwiftUI" */ = {
			isa = XCConfigurationList;
			buildConfigurations = (
				E3260CD02964D1DE00AB4280 /* Debug */,
				E3260CD12964D1DE00AB4280 /* Release */,
			);
			defaultConfigurationIsVisible = 0;
			defaultConfigurationName = Release;
		};
/* End XCConfigurationList section */
	};
	rootObject = E3260CB92964D1DD00AB4280 /* Project object */;
}
